# anticloud-reference -- hash-pinned dependency lock
# Generated by tools/gen_lock.py against the live PyPI JSON API.
# Regenerate with: python tools/gen_lock.py
# Verify with:     anticloud-ref deps-verify requirements.lock
#
# Every distribution artifact below carries the sha256 digest that
# PyPI published for it. `pip install --require-hashes -r
# requirements.lock` therefore accepts only these exact bytes.
#
# runtime: cffi, cryptography, pycparser

# runtime-transitive: cffi 2.1.1 (100 artifact(s))
cffi==2.1.1 \
    --hash=sha256:baed1e86cc735622097354b9d1281406caf42ff42a886d29faa8e8d1630333be \
    --hash=sha256:ca82be1a1d406ecfe1d25dc16cb33488e5a16bf4438c9fb590484ea29d92478b \
    --hash=sha256:42e2f76b9455f5a9a844f770bf3e200ed3da0e15f5df3db9c31fe80b04b3d004 \
    --hash=sha256:5a59cc1c4442bc3d5c703bf720b51138d0bfc173618807c9ee2490a7541dd3d9 \
    --hash=sha256:9f8d177621de5cb38ee3e731eda45d421db093ec0739f46a5594babda7987a98 \
    --hash=sha256:75f80557d1389eddbd0de2681f6a390a0c5338c31ddaa821381c203fc3fd50d9 \
    --hash=sha256:194cffa889098ced9976c3fc6340305e43f6303657d298da55366907c05c22d6 \
    --hash=sha256:5bb4e7ea95dcd6a014a6fef62e62467d67d8e582326443f3d68e71d6320a9fcf \
    --hash=sha256:3d22a20b1fb1632cc72c22f95f7b0d2961c3e1c235f245ba4c606c4771035659 \
    --hash=sha256:1dea0e4d7d4f11f619fe8c1d76caf49e24405b4b5743c0e3be16a500ecd930c9 \
    --hash=sha256:7ce713ace7c0e4520535b42b77eaa742c16dab813978064913e5a3cf82973b41 \
    --hash=sha256:a48d62ab9d6f4f98c983223a547af44be6ca3691074c31cecced6facd3ba2dc1 \
    --hash=sha256:c8d2c9fd1f2d16f780d15127abb050d13d1a76c03a4bd87d7e4980e45e511e12 \
    --hash=sha256:398aff33cee2767e3e781d2554c54bd0dff386bb437581e0d8011fde1a942ec1 \
    --hash=sha256:154852545011f779917b11c78db2358d095da62a9a172b78ad0a583ee5adc0d0 \
    --hash=sha256:3311ed60d36f83378794e1009ac6258bafbf81f7888b4caa7b35a521e3f95813 \
    --hash=sha256:6e192623c49c94421616a5778fba35cf0d5a8d000650c1967ef4448ee5cdd990 \
    --hash=sha256:a6e721d4b0e45d5b65e87534470e67b18dcd092c83f68fba09f152b9cbc061af \
    --hash=sha256:34e261f78cb6ceaaa36f42f2613f4380d94d9c759a9c73c769ee6e0247364632 \
    --hash=sha256:7225e4514edb64eb6740324353e0da0711954fd8d7da4576755b1c6e09b697cd \
    --hash=sha256:df913725b79db7bcf03448f36b7bf8815363417d5b58deecf9305e3e30f0f21a \
    --hash=sha256:f5cfbc5fe74540d335175b656c725d74d90e3730c626d92575eea35029d9afaa \
    --hash=sha256:f8ec5e643a9a937f64e1999eb9f75d072263751912dc5cd06d3c85f8f44be7c3 \
    --hash=sha256:42f6930c31dc7f50732c9ae793c2786c7b6b044195967bbdde40bb9be81c4cc0 \
    --hash=sha256:c7659f22557c5a0bc4855cd635f55edec690cc008a40768527762cb9fb263455 \
    --hash=sha256:c8c69575568085ba0b1b10c0249d779a214aea6f6522e949a0fc9fb0fcb449d0 \
    --hash=sha256:f81b3b8f3d4e343550fa4baa0e479bba9f2d29ce9c2e9b51d1ce1718d7442fcf \
    --hash=sha256:811bd1e21d32de12efca32393a0ab3f5133b54fce9bd44b8bd77ab07da14bf6a \
    --hash=sha256:68e62fe11f30d5ca8289242866f0a5291402d8529ca2178ab8afc5c9694ae890 \
    --hash=sha256:4a7c934f7360e8cd64fe9efadcbd10c7c6364f531e432b9a4bf5ccbc9e0e8b50 \
    --hash=sha256:3143d81e29e1e20a9ce10901ec369012947876596f75a222235965f2b7ae832e \
    --hash=sha256:c1453022f490d2459a11819d83ad1d586e9ff65a12ac3e705ffebd46d3685dcf \
    --hash=sha256:208f941bb9d18e768138677f0a6d2ce01f590df56043dda1df1535ac57c88517 \
    --hash=sha256:210019b6c7cf07f081b4c54635c8cf744377001350e29cc0f81c4377b4797735 \
    --hash=sha256:046bfc24911b37851ee1b51aab8bffe713d89c68c6a057b09484ce9fd5f69b4e \
    --hash=sha256:f53e442b08449d42821fa4a4fba000095af9f62742a500f978a9f557ec44339a \
    --hash=sha256:7bde5e4cc5c10140859842b9d383af292b22639a4dffb725314baf45968cef80 \
    --hash=sha256:b5bdfd1c873d4e093aabc0ca84c4ca6dbc4f752afb5c86f146d9742580c9da2e \
    --hash=sha256:31348097ff5bbe827ccc41795d4dd099d9f0625e7def00ee653c137a490c2a6c \
    --hash=sha256:9d2055050ea716bd38b7f7f1579c275386646b4894c155a3e2f3cd62ed41b7c6 \
    --hash=sha256:19ee6127ee34de7d83ce3d371ebc5ed91addbdcc39f9ab15ce4eb35a4e534971 \
    --hash=sha256:6a8dddef476fab96d066d578fc88526767b836ab5ab21754e1d5bf3879c31c7c \
    --hash=sha256:f16c709686a78c727bbbf059f92b0bf41c6fc60deec706d2dc19f529175a6125 \
    --hash=sha256:fcd22650c908d7b7da162bbfaab594a1227a15d1643a98c68b122ac642fa2264 \
    --hash=sha256:aa9511c62d14da7aacc9b4bf51f3f697a621e83b2d6919008243c3aad168eea3 \
    --hash=sha256:a931079504ecc49efed7744c476a5c343a92fabf66dec2db95edb1b2fdc770e2 \
    --hash=sha256:a2d7755bef5a12ed488f4ef1f1b69ee9191d7396083b755a5d2295f6edb4768b \
    --hash=sha256:e0bcb7e0f677f543555d2adff3bf19c05f66cdb4796e5ff602442ab2fe3c4ef7 \
    --hash=sha256:334644fbac4eff73d985a17a91226df55d0f394160c4cfb880e084c8f7161cac \
    --hash=sha256:1aa5645c30469b09530c4ebca77ebf8f17618293c58f8549cb1a543a50236e7d \
    --hash=sha256:63bbfd5ded17c4840ac07cd8f1c21ba9d9708141f840b324f422f41b207e3973 \
    --hash=sha256:7dbb61fe3a7699468030f71bbe5f8a0e326a151daa91beb11a6fc1f980c55e1c \
    --hash=sha256:f24fb43132a4c6b4cb4eb029492919b2db645be6808d738f244fd146c03c32cb \
    --hash=sha256:d28630f5854ab07ab1fd4aba756de52326c82e6be15d414b12793f1975048b54 \
    --hash=sha256:661c298b4821edebead0c91edd2b00374d67ad7c5a1f7a91d4442633b79d6a72 \
    --hash=sha256:58acb8ab8e295e6c5ea12f888cbb13cf21511ef2a3303a23f4325c29d17fe5c1 \
    --hash=sha256:456a61fa52d579ebf9df2e9552ead5129855dbaff6c1e5a9b1bc408809bdc062 \
    --hash=sha256:a4f00aa42f75d6e4595e8866e748cc1705adc0cddfeb2ca86d0d03993d63ba03 \
    --hash=sha256:b0431303acaea1089ad4b3e9ce4e6518193def1118d4073ca848635ee4ea2e96 \
    --hash=sha256:64faea20f4e2613363a1a9b9c7dd73058f3ecd00133a511e72ad7c511658f527 \
    --hash=sha256:5c58fe613dc5e5336357eff555824a314d8e43282600435c8d1cb6a7a2fedd13 \
    --hash=sha256:7750c6449dff7864bb9bb27ddfb0267756189201a3afc911d82b3caacd70dfc3 \
    --hash=sha256:0beceaabe56af686895136a2de78db54ecd8e4046b236b8fd6d6cb61389e9bf2 \
    --hash=sha256:49cbc70e6542d4ccccb936558d1064a8012541e78f821f955cff24e357776c94 \
    --hash=sha256:e2d65b31f36619cda3999b78b2aa9632e76b78448e7a56fc4240824200e7c4fc \
    --hash=sha256:28907ab9bfb6aa13184cfc17c6b8e1023c5ab6fd7076d8c20a35e59fe04f8f29 \
    --hash=sha256:51b31d1c98274844cfd7838ce00bfc27c7423a4dc00fc0772fc3331c2cc90676 \
    --hash=sha256:5e7cecbaadb83884793e05828cee59b210b24583b9c7425d0ba6a754fe22eb4e \
    --hash=sha256:25792eac27877609e7bb06d42ff88278a6624fff2ba9bbb523c09616b117e80f \
    --hash=sha256:8ef53b2de9bcb9197d31854256575d59dbac0cba72ac627bb291ef5eceb74be4 \
    --hash=sha256:616f097f2fe415bc92a247f02e11f634e1f9e9a83d327e3c915c15089c87869e \
    --hash=sha256:ad2c86c495b899d862ea0f4b42891b8713a3bd45dd4105c7fd51c2a72f39f3a5 \
    --hash=sha256:1a18a57b58cfb21fc28d72e876acf10eaed67a1ed96226f92af4df681d571c4c \
    --hash=sha256:3222ba5d678f80a030e6afbcc33dc1ae5cb45facabb61cee2c7016b8432fde48 \
    --hash=sha256:ab36d55f9ed2d067327667c2fea18dda018eb628dd6347aa01dda6cf1f5d3836 \
    --hash=sha256:dddad92b554513a31f272570678ba307fb9f618f05e3d4a5eacafff9eae03e1d \
    --hash=sha256:da0e573f9f97159390c89d9f1a9e41908b66d408cc5b58d08cf3847d844c531b \
    --hash=sha256:fb92203a88b3d3053034db775110081c49d28be6551923805e039924093761e4 \
    --hash=sha256:2ae64be792b8966f2c69538199728b290e34726562896df1e5dc8ffd8d8188e8 \
    --hash=sha256:507a24c282e0f42f8ed737cf048572cbf580468da5555764a8331735e9c736b6 \
    --hash=sha256:246fa40ce8645a614ff682e0b70f37134e460eaf93a775e0cbe3cca585a67a80 \
    --hash=sha256:471cee653ae88de62096552e6d24ccb4a5adb8c8c9f10b5054d0122c15bf2779 \
    --hash=sha256:aeae0e330c9f6acd681f647d46cefd30c29f93e3392882e792e82080c9691399 \
    --hash=sha256:42a494cee34437f05546455144f2b5d9ac09b1face62bcfce597d2e521066688 \
    --hash=sha256:cc572dace3f60ef98d7b12ff411d20f5362feb31a0439eab0085bbfd349982d7 \
    --hash=sha256:c26608d2222fb1e94487e4a387d85f13eb55d5ed725cb25a0c589ac4ee60e7bc \
    --hash=sha256:4be96343e422f2dfcd12ab5c9f5aebe03f82f737c6bffeca6830b3875cb44aab \
    --hash=sha256:937c0052c05a31ca1daf18de3158eed4dbfcb9cc107adbea227728d647be701e \
    --hash=sha256:df423d40ee8654634421812bc3b196da3f9bd7d32929da813f8394c4348a5358 \
    --hash=sha256:a730a083190634c65cca36ba5f489531576ebd79bcd5c8e172130f6453127231 \
    --hash=sha256:363e05fa78e15116c3c32c210ee36884fd6b9afa6d440e47112c3bd511d64cb6 \
    --hash=sha256:770de9db11e84213beec501cfcaa013b019820ca881e03344dea5844f7876d94 \
    --hash=sha256:7da0c5eff80f0197f3b3d1232ec5a682a9325f4ae9016a78f5f5ca35f9ced1f5 \
    --hash=sha256:06c72bb76605a4b0cd0aad6930b69d4baf7dd5d806cfc409b824191099700e66 \
    --hash=sha256:d9c275eaacd24aa73f94ffd6de08fc3f932424d8b6c376f4bed7cde376fe7bc3 \
    --hash=sha256:d18e5ac0f2f03f4f518d3e23db0f0cad7faa1da8620e9c09461d443bbf6e6692 \
    --hash=sha256:4f42141fc14250de6dde5ee7ea4432be017252d91f19c5ad043c084cea629cac \
    --hash=sha256:e6e8cff14d6fb0be70a09c0bdc58096f501952d04624ebf867e0e56da2df8960 \
    --hash=sha256:27350daa11d4f10c540e6e89dada4c54feb7256ad03e9a4dc075ebad7ba360d1 \
    --hash=sha256:dd31f52ea1086513bb9df30f8fcee9b8918323ae067a3d5b78bc826a000712be

# dev: coverage 7.16.2 (121 artifact(s))
coverage==7.16.2 \
    --hash=sha256:23219888477edd736b6fcaec1272d47d93b926e999641ffea7e53a1738e70b2b \
    --hash=sha256:40c0f00899fe6181ae7f434ceb200e51f5ee4b8ed10e3b5f0b605f0cae15da87 \
    --hash=sha256:a4624f80732f6b427ac58f1f59c577a0994a12e8174b5af6a027b4b58795d4c3 \
    --hash=sha256:191803c4996b499fcd78c2ad5e5f767dcc53cb4dc6de6d6a741b443a1821ef02 \
    --hash=sha256:9fd670ac43b709c575aefc25bf52d8a598a3bc5017bddfd0a179152ab06a2deb \
    --hash=sha256:705e5af11d34647efdc170c7840b6857c81cf74be96419a553f237e68e62cb72 \
    --hash=sha256:8afd9bf35cc6a1f22eb3634808fa8e0b91902459c5721ef2e4461dfe771d7f08 \
    --hash=sha256:3f43bac1856ba269b905302778d4df433d6006489a192174ad77ac528e395032 \
    --hash=sha256:f8475460aa33ee28ac896ab1156d0bb3b6c639f7f8383c2677d3359eb35f8205 \
    --hash=sha256:d6276d78f6fca7d0ac066d5da4165c5acd07829e8305c2cb900b738fb3a75a72 \
    --hash=sha256:736fde09ea39646d11f8e3b76bd3425c075aa4dd45f24891970bb77c14ff20f5 \
    --hash=sha256:c85d54e7e8a2ca932fe8399301af9b8d5907ea2a455ffaff6e7d1208db83b943 \
    --hash=sha256:5139009b5efd2194fc168ee9362f0e191ba612ef5d29242f9269c22f9b8f80c7 \
    --hash=sha256:c3305c38a2fa21a4254f2ace7dd9ef5fc569c9a558b66e7017650b3d637fb95e \
    --hash=sha256:732d950e51f3ba4fb6209c73250f3e8924fefca42953ee04a9e65d8c02414d7d \
    --hash=sha256:5dca0bb66b4c3d624ba047887bf70270030c150692d543cb501293dc38a9f4b5 \
    --hash=sha256:af2a2a8c7c74de0559e0c368d94c8def9e16c58faaee33a0bf081057c4227e3b \
    --hash=sha256:db5f8394e17f877a625b257f2ba0ce8e728a499c2c1579ad66220272cd3df510 \
    --hash=sha256:5b3146d2317c75f70df2509066d979dadd941f7021cdf9b5db4bcd8568258e25 \
    --hash=sha256:9e1d0ced76318bab499693ff25f64faa343415187cb2e4d7befdfdd391a1cf6a \
    --hash=sha256:af98ad5ed9d6daaca956201e00bb429a7eb2b080426686f70a20353e0f9839f5 \
    --hash=sha256:1d56e4d21c56d2046447733f8b118409597db48c01efe898ee9ac24e858ec2d6 \
    --hash=sha256:1d5d0e3b660506fb84f995814e3118a21efdc0c8eb80127da1be627d90093c17 \
    --hash=sha256:17228fbca0f22976f797be94e975dcd237799c657d49551c7de1e0654d1202e9 \
    --hash=sha256:bc0b0ac781d489304b741269857f1f8338b7a26b1b89c06c0344658001ec0035 \
    --hash=sha256:bf1bd822ec4e387ed245bed0d71151582cf7be9e5309bc4145eefe36083d5878 \
    --hash=sha256:7ed238d227e23cc300c3d464babdaf9f6ddc740aa1b15a77ae96136e6a7c4516 \
    --hash=sha256:a90700f743e29aa3d75a6ff5f01953176a889c00e526194bc4d281731b88d99d \
    --hash=sha256:a336eec40e3520d369b8a6cdabb4f596e69a8b42927ca074aa1452fed943238a \
    --hash=sha256:218d742afca2b5ad5ca759e93eddedfbcc6eadf8322f080dcefc40b7bd4e2d48 \
    --hash=sha256:a9a638be322a8d76a41cdb17781c7f82aaee6a66493d8ffb7e2c09ee22423d99 \
    --hash=sha256:724bd0f1e81856b35e59fc98cf7b4e544a3cb662e4e0864dca73d4326ee9d808 \
    --hash=sha256:5375ebd99038021b35e99dc88255022912c06565d316212f4a576e4b08d30f5d \
    --hash=sha256:7a076277ca9f5750cc230f0f578ebd2620cec60255b25707361699fef6fb465c \
    --hash=sha256:58d4a54c6ea672afef66d49be922a2c69826c5ae1a42a9cd94f0c9c2bacdf800 \
    --hash=sha256:0dcbcfcc059117284c603ff8cb61a65872512882f84a8cf0339241f7f7c2f148 \
    --hash=sha256:afdf43b72ef3876c1fe66423b91466e37877c9e81e8cec70542b7e8525b9d1b7 \
    --hash=sha256:9acc7f7ec4a1b5f89bd929fde5b8a714f6fafdc6cc18725413d510aa082b47ad \
    --hash=sha256:80d3f7b48d43ee8fc5e8707a8adb43d743a5a1a85256c25a24f9d6d0e2238fa6 \
    --hash=sha256:126d1af8804d7224421fe991ff65d3ce649081560df7a98b1a5ffff07f9923bd \
    --hash=sha256:c19cd6d025c1673f22afcd22c7df8a662d779e05d8e3fa6820c22afb895b0206 \
    --hash=sha256:152877cdc8a07264882cfcd503ba56a3ef6cba56a70e8c70f6eb8ffd7384789a \
    --hash=sha256:e6c52d3307824ff93b39efd99e4185d557db40bd841452abfb32e5d9151ca162 \
    --hash=sha256:a678c0b6b22086ec2427359d22e37445d4a792f5fdbbc744112c7dade65cad02 \
    --hash=sha256:1a37c6e478cf687e1aa30a593d19c92c02fad9d122b51ab73f51b8dc7a0c0fc9 \
    --hash=sha256:0993d0e90858c03943d3cb152e068a20dd4707924deec84dd2230261baae3b1b \
    --hash=sha256:bb2fc905bbf4e6b7f40806ea79e31515abf6349594cdf0adf27c4215f0463204 \
    --hash=sha256:4358b9c8c0125b460407f3017c6cce8156e904b32772c5630d27112f52bdbfe5 \
    --hash=sha256:1f15254427c9b33eedac4f198eaf9e356eb4f6214551afb43da6194a2c088ad7 \
    --hash=sha256:9a75a4704ff640e46170042eec1f984385a121227c505d5a16ad8e495f452541 \
    --hash=sha256:14253fc7bb15749b849795a06f5d3b6d8bc3fb8a4b5ddc341faf7a89dce205fc \
    --hash=sha256:921415102a90637fcc2e3f169f61dad7699ecf690e8639fc21b813acbedc0967 \
    --hash=sha256:cce2bc991293f15cc4084ca116827b5900c5f34e1a54dfe83f10ab5c43162eb7 \
    --hash=sha256:e1fa594c887365b69745f25a416806e61085dd07b94c9eae68a6e20730629b23 \
    --hash=sha256:11e597173af1dc33d5f8a7332ada544199269a223af1ee1770ddd5e245ad0fe8 \
    --hash=sha256:3e7f99698ba3a7d13988bdd984b7ebf13af4dbe2166dc8502eef90d77603b0a4 \
    --hash=sha256:f80bd9f9633eafc73d0a913ba2645c96ba58bba1befc30590f7c0fbfde59d865 \
    --hash=sha256:8be099e979fc42559328a21828281b4578304191ae46ed4e80a407048a82eee6 \
    --hash=sha256:28ff850182a67d117990fa2ce5ea1032836d8c9630dae867e8bdd3bff4533b79 \
    --hash=sha256:4ee546b9e4872ffa194bf07ac87bfa1202ebb824d0795dc1ef22f175545ca90a \
    --hash=sha256:a2fac6895eb299a2e52d7bbb8fb3903502b9da8d3f5309ceb16ec40c646b58ee \
    --hash=sha256:57ff3783f99d75a1e81dd56a9737eb5665e6736a5d93258ba596b6dcad8fd05b \
    --hash=sha256:35f37886699cb9abd29958247d718628d5bc6f39e623dff66a09e546c42a7e03 \
    --hash=sha256:0fd7a86fdda7cb6d616d178654bd0ad6bc0f3f33c2e478aa598500a1a9e34eda \
    --hash=sha256:ac0f3b379c94acc2f7dce5f5f0b24d44fa1cc6a509717ef83dfee07450c2117c \
    --hash=sha256:7d0732c83746bc24123c581a85d9dd96b70ddb538c9076020aa1a041790361e9 \
    --hash=sha256:7b451c68218c150f616bc9649783ec8de76a59792c759b43aa0c9c0466a465e4 \
    --hash=sha256:a56ac4fa5a75c7e182e8f62600cfb4aff43c5ed7356a034f3557659c3bec1d90 \
    --hash=sha256:4cc4f73aa3fabc36e32046d6cd2971405948d8a903636508a3d3b2f9128b3a95 \
    --hash=sha256:723dcdab91357159b722935b500ee8abc0a66c8c432e1e9fabf4cc7598952de8 \
    --hash=sha256:5397e21a90dde0e9c6896b77ded8f0be26b66f8b22b33aed41f6043ed95d55e6 \
    --hash=sha256:d93db87adb6b1c1b408dce4763314b55d76a9f589e96783a84ac9e7689e48bdf \
    --hash=sha256:aa62c85046473959c13ba9edca9dc90a77d5c1095b1ba313556314d77fe5b036 \
    --hash=sha256:db76506aa5416081f3e8974ae0f7965c58ada0bb0ef7339ac86099588dbb20d3 \
    --hash=sha256:a0f2285329dac10ab08f79cb11f5692c497018e6c7c511f95e6fd63a70b8f831 \
    --hash=sha256:382d3346d56b0eec1b793d53a4c88799c8053f516aa3a8d7c44315696954bacf \
    --hash=sha256:648352b94507179d82637292e7ae8802508d95f78e2f00a705a50b6c48011681 \
    --hash=sha256:fb2bde05838fffae1a1bf75e5d411a6cac3e4e9bb97e6640fed8cd47888b33f0 \
    --hash=sha256:6a75180829efb8ae62b4aded25be6ddca1c888d138d2d82e21d93bfbd88f41cb \
    --hash=sha256:99704f73721e23859112072d522076e11c31744fc96b5652e5dd2018aa4359f7 \
    --hash=sha256:29309ccc86b7f33df7db12813c299f215bbbc470ed6292d0bedd63ffae1ebf64 \
    --hash=sha256:30c1b65d529e46569899fadca59e4a87c1faf2886923f1307ba61e654d4f3c20 \
    --hash=sha256:dcf4bc2aab4e16b1c4c0c2005918f23a7dd5d7821ddae82caed9e3342dc2fcce \
    --hash=sha256:a9cd3de0a5bfe7b0e21ee10e1a14e3d61bf52efc88217ab1d95d6ace6970bd46 \
    --hash=sha256:611a44e5229a59d7483ce830160e1a0e85f700562c7a5651c7c63fb8f4eb528c \
    --hash=sha256:22957cef43ce038641de78ba995de7568d2d6a37c6ddbf7fa0fd7d1ae2344d91 \
    --hash=sha256:848893e1d361448c113dc2f0913503522a6f7be231d0e38333d2a22d9698a011 \
    --hash=sha256:5a27b731c171e43dc8b5f32b76a5051dde2ec9b9366c87028f08a7088ebc2c7b \
    --hash=sha256:1c569a9fd25505f1cd6bea90588818f90373ce90e2632e2cacf19ddbd6e14fdb \
    --hash=sha256:414c26dfdb96aac2d570a54e03008f001e32eb2d413705365503648c6bd361d8 \
    --hash=sha256:00d3eb96e9988c45f50cccd1f1496571ac5c1f91386ac02c4d55516eeda19a24 \
    --hash=sha256:4dbbd1155ca46e6e0b6b89d204428c56ef6a459af21333f365d135a2820e5a09 \
    --hash=sha256:8fc15cc8d0d06e873c00ef18e1372d605f9aaf3de27d8c24e50782e75bc8b843 \
    --hash=sha256:9c6afdd69218202bc1758c9a14b86b8cf1084f37ed2ca143e567a103772b16d1 \
    --hash=sha256:aba5c63b7afdc749cc9eae943d5b868cba2b261a176378fa1c5a30bc8bc89982 \
    --hash=sha256:9174f0af24e5eff248b9dbfe76ec5275a3d19d37edbc2810543f12cf97347a34 \
    --hash=sha256:80e9fdb4c3d926b6ba721d4bf7435bdb869c3527ae7803290361d0ab73db13b6 \
    --hash=sha256:7b3bce4a0d05401d70b7d0d5ca783e686bc9d30e81dbd7d980d532609bf809e4 \
    --hash=sha256:44f21e407b278efdfc1ee5e481e00518bd1d500310a30a5fbf2bcbedfef4aaf0 \
    --hash=sha256:59c3926585e1cd1f2190f4b2ac9014de1bbeaf0d5d0587b0dc6b0aa90d17896a \
    --hash=sha256:066429634299e14dd2d511e1e85f8f9cecc500781f6b41907c0dd6f1baea7e63 \
    --hash=sha256:98d9c97f51b334b0adce7b964442a9af33c1a00c6ac856984cc5dc8d18f81c75 \
    --hash=sha256:3e861f1071dcc2fec1e88bef0920f6b1eaa66a143555b4f8ab79ba2b0f30ef55 \
    --hash=sha256:fb9d92ecfe2d5b494367c67f7446f8b75b68d8d0c8cf3bc3e6997478be25d9e2 \
    --hash=sha256:eb57acff4a74246ae513c142d4b36e18c389c3aed8661914a53f7cd0071031b2 \
    --hash=sha256:444889f7f66b74e4455c0a97e0e166dd41177f1dca8c0239a47cff25e05ba7e1 \
    --hash=sha256:a740ea6f083c6db7b926534d159508f80ba275ab35e722522de0d18d0f56e55f \
    --hash=sha256:8e209591f7c41ae4a9171335cf6156afda0b21de73b02f73f5aa95b2d5fbb08d \
    --hash=sha256:396bb16e04ce04efbb3df91456ae4e3da918e69ecdf67fb711b0a0fdf35ccce0 \
    --hash=sha256:9cdf19874e0d247f32f03609200370343c3c7aa260b191d8c2bb251d36198283 \
    --hash=sha256:fd3d72233eb8b48acc94fa57d44e2d32ce8e7abed02882ccb6d855ccc4ed33ec \
    --hash=sha256:bb4ffe96aa663cee727659db5a2afeb38c95f8677b747d447b90d6d4874ea2c5 \
    --hash=sha256:dba2edfb054f6d4a08df9d1637c39a5aa3865bca6617c13c86be21e45658a59c \
    --hash=sha256:251aed777c47c77aba047096d4542889db089227655711dfc2b9c54ef0e15e35 \
    --hash=sha256:2aca0bdfa9e91621d5b09d815357bf63def4fc0e9cb66da67bf2cf93f3b1a6f5 \
    --hash=sha256:b88841e654f09732804809e435b3e005a929ffd9998b872b7b213957b8759cb8 \
    --hash=sha256:893ea9cf86cb8d2546812ac93d973aaf2ee1fb45110a873b014214fd23e3725e \
    --hash=sha256:01c6908bc613b420c26c818fe948e1b97dfd041a53c98b01c63bd8321f5c9aae \
    --hash=sha256:967d72c835d7a8cf0af99ec813a2d06e3db6df706402f1fe85b31b437645f495 \
    --hash=sha256:11d28e9123a9156cb405d8d27b44256c9a58fb5decc2073a8f17862057e3aa0f \
    --hash=sha256:ca64d9f1f384f151b9511bec01126072acd2f313439f8ed015a22d8790aab6fa

# runtime: cryptography 50.0.2 (59 artifact(s))
cryptography==50.0.2 \
    --hash=sha256:fa8f5efb344d6908a1ce62f4a24e2e5780f825d6f53f5f50ec5ffacac72936cb \
    --hash=sha256:79def8d059362e7831389ed3be0ecdf58a89386e1271e35dd9f5af84e81bffd0 \
    --hash=sha256:630ebfea3bf689d075f82316324ff7433dc447fe6bc1bfc76524b74b4a9567d2 \
    --hash=sha256:f9f6143a8c75945eb960d9eb98905a441394abfa24afaae239d514ffb2586480 \
    --hash=sha256:a582ab2ae1d34f67112cadc86702774c9ea4374df6bca6afe672817203c99134 \
    --hash=sha256:4061c0079120205fb760c58acab6443e217307dcf05e3702cf970e0689972856 \
    --hash=sha256:ac9ed99d81760c62fe89d5f0815cdfa1ba9a35141cf30f1c2d044f04b4803d2e \
    --hash=sha256:87e9ce85beb6b328ba370cc6e6aea483c92617b4c95b1d33a49297eb662bfb04 \
    --hash=sha256:f265528741e048bce55c3463ed721fb0aa45a5888d8add8cfeccb3035451bbdc \
    --hash=sha256:9dab55f57c74c3cad24c323bacbbd04be4705ba6eb0d92e920b1fc4837ed5079 \
    --hash=sha256:25784ce8b9621c90c643efb9e1e2162ab3b0224cae446ad5e70e7fcb1ce18b51 \
    --hash=sha256:85d0d9a31b9098e98534226d5686b47264b95e62ce459dc2e62fdfc809f9fe93 \
    --hash=sha256:7afa5a6602a9f29af1f3a2965f831bae7c9d5d597b7cbb716d41ab3b7d89879c \
    --hash=sha256:f785f6161f202ab04d8ca194158968798e480ca058943907972da5f12e2881e8 \
    --hash=sha256:0ecbc5652bdb6fc9eaf89a7d196e20941adfe812f43bc4ca05d9150496821047 \
    --hash=sha256:ab50ee449bf968271e820086f10a33d101dd060370abc10bcd22279be2656539 \
    --hash=sha256:a9f7355e6fab51f6c369b86fb7571cffa05edee2c2121e0380a37fb9ac1cd5c1 \
    --hash=sha256:94e5e9f108ee10471288214d3d233fbfbb492840a8457eb85178d643ddeb32c7 \
    --hash=sha256:241449bf940a5d27309bd317e6f9a2af6932113818bb2b8f5c59ddc7ef16da18 \
    --hash=sha256:d8947001be83df1394050758ce0e745dd74fb134eef0a4b5124208dfc3a68c37 \
    --hash=sha256:4a20ce1e5cb4284a86692fdcba7cb8754185c6b2e5c56fcef3751cf451d3cdc2 \
    --hash=sha256:84f964e537f916e2cc85199e5a88742e964939b575ac8598b3f9d6cc416cdaf1 \
    --hash=sha256:828d49b0ff5a0e3975865571c5d91dbbdd0d38d8289b249a163e9425413a5e05 \
    --hash=sha256:deb9fde5c60e437ee4821bc9bc39ff31b42135c27e1dc61ef0a629389c1de62e \
    --hash=sha256:8c71ba2cd31fc93748c38e1b613200ff1c2665cbfd5341fe3a61cfde35a1430e \
    --hash=sha256:78198641e5be9521beea5aa782bb551a58068d10e6eb04c9c680c1b69f2e7d45 \
    --hash=sha256:edc3342adf8f697fc5f59c887a304356f147b397809440ed64e2fa6af2f50f37 \
    --hash=sha256:d370b8d1dfcdf7130178137f6fbee6140774a1acc6cacefc4b42643ec11d0a3a \
    --hash=sha256:f2f9bd7f90c64fe89253f0a2c05e3c4856072660429ce8831b4235bf29403a67 \
    --hash=sha256:e275096ea1e60cc595cda2836fd4a6c725d1125108b868be17f53684d164e2cc \
    --hash=sha256:b13478603dcd0a2479ff8e87e2c19a7d525734686fe3c49542472293a204212d \
    --hash=sha256:58a0c478eeca76fe5e07993c5a0703def34a6dc6a0cda4f5564639b33112ffe7 \
    --hash=sha256:d38cdff612d06fa6a32840d5e1b1f7a27cee4a349aa9085d94a67789d6bfd408 \
    --hash=sha256:fdd28f912fccfec1846a94e2e1e8f9b0012f557f0c46fe4f3eb0d7a87afcf90b \
    --hash=sha256:cbc8738fd8526d80f35cb3a40d41f41a2e7030bb3b18b09a6778ef63d291c2fd \
    --hash=sha256:e105ab60406787da31fccc883fc0f733af1efd78f0136a4599692c4083a73d0c \
    --hash=sha256:6f8700550aa1474a91e5dc07049c46f98b423b5b1ddd0483e0b51362eeeaf5be \
    --hash=sha256:c71be1cbfa5cd9a41ee452acf1eccd82b2c05950358b106ec8ceb83411d1a020 \
    --hash=sha256:c423ab384a46c4dff7217b2ea5ba2e11cffdeab6441acd04cf65a369caf0366c \
    --hash=sha256:0ec5f09541743261e66e291b4a0cbf0fb2997aeaab6d9e9c740b9dba1b58d1c2 \
    --hash=sha256:c5e67125c7dca78d199ec4e116aa93dbb83494808ecbb8211a2cb09b1bf41dbd \
    --hash=sha256:ee247f5c245c9a2fe7c8e2214e295918838e44e00a45a6718451e4004219e767 \
    --hash=sha256:dfe9763530994147d9af1def057a5b9658b00e8f8fe8743d144d1e0911c2e454 \
    --hash=sha256:58ddb5a8e3179d12f19e4ea34d2d32e9d63a4baa142c875c1eb59f41b7243acd \
    --hash=sha256:f21e8a22c8605750c7af886bab299a363721264061b4ac0a30efb73cfd58efc5 \
    --hash=sha256:9c8402a82ea0dc4ceeab793db05f0fafa8ca139ca34fcde5df0f596103c74107 \
    --hash=sha256:0ddc924c04591c2811ca024d62ecad4f7f6f08af8939c211438f48a16bd23602 \
    --hash=sha256:a6557e5f38e065ca9fbdaf7cfc7435ecb1d113aa81a022d1b51921ee7432e227 \
    --hash=sha256:1981f1db4630889b9ef7803fadef12b056f428cb6b85c27ba57b774793b6093c \
    --hash=sha256:7a8701d6b584d76e909e3d305b7d126b41439876a5aaf76cddc67fc230eafa2e \
    --hash=sha256:ce47f66801c20ec6c6632453bb5960fe38939e9306970b48b3a5a26de7745d94 \
    --hash=sha256:4e81d95e5bafc2d6e34e4bed780e53e4d5b9a2f928573428aa4d35fbec1eb0de \
    --hash=sha256:92e665960f25fcdc73725b9cec7a3824f279ba97a98653afe9ffac2e43668f67 \
    --hash=sha256:eef4c2f3423810b3070ab391f85436d2f8bbfcb286ac15cbc73190b3563b1f1a \
    --hash=sha256:7c6d0330c472d96f6a6afe24d80dfdf15176c33096f0a4397ae4c60f3dd3be48 \
    --hash=sha256:1ba34f04897fcdaa73f74145c25f3ec146fbd56593853e88adc2e811303c5f42 \
    --hash=sha256:3dc4fd8058cea1644971207d530e1a03a184a805ffc8ebdddf0599d78a331b81 \
    --hash=sha256:7b75de3c8b3be1cdb1052747c929440c3eea46c1bc2cb8a6e3a48388e9b7b452 \
    --hash=sha256:7b46165bb56eb4704e2eaaf86f3c940d19154535d9b0ca7d6d590b04060e00d5

# runtime-transitive: pycparser 3.0 (2 artifact(s))
pycparser==3.0 \
    --hash=sha256:b727414169a36b7d524c1c3e31839a521725078d7b2ff038656844266160a992 \
    --hash=sha256:600f49d217304a5902ac3c37e1281c9fe94e4d0489de643a9504c5cdfdfc6b29

# dev: pytest 9.1.1 (2 artifact(s))
pytest==9.1.1 \
    --hash=sha256:37a86b45efb9a47a61a36449063e8e18d0cab3161329fc099eb21783169c4f0c \
    --hash=sha256:1088fbde8f2b49d95a549a195707afa7a76a3ce9bcadc26b6d71f0ffda5fe313

# dev: pytest-cov 7.1.0 (2 artifact(s))
pytest-cov==7.1.0 \
    --hash=sha256:a0461110b7865f9a271aa1b51e516c9a95de9d696734a2f71e3e78f46e1d4678 \
    --hash=sha256:30674f2b5f6351aa09702a9c8c364f6a01c27aae0c1366ae8016160d1efc56b2
